
Microsoft Visual Studio Solution File, Format Version 12.00
# Visual Studio Version 16
VisualStudioVersion = 16.0.30523.141
MinimumVisualStudioVersion = 10.0.40219.1
Project("{FAE04EC0-301F-11D3-BF4B-00C04F79EFBC}") = "BankEncapsulation", "BankEncapsulation\BankEncapsulation.csproj", "{A42AEE51-B31F-46DD-8747-FF07A990CECF}"
EndProject
Global
	GlobalSection(SolutionConfigurationPlatforms) = preSolution
		Debug|Any CPU = Debug|Any CPU
		Release|Any CPU = Release|Any CPU
	EndGlobalSection
	GlobalSection(ProjectConfigurationPlatforms) = postSolution
		{A42AEE51-B31F-46DD-8747-FF07A990CECF}.Debug|Any CPU.ActiveCfg = Debug|Any CPU
		{A42AEE51-B31F-46DD-8747-FF07A990CECF}.Debug|Any CPU.Build.0 = Debug|Any CPU
		{A42AEE51-B31F-46DD-8747-FF07A990CECF}.Release|Any CPU.ActiveCfg = Release|Any CPU
		{A42AEE51-B31F-46DD-8747-FF07A990CECF}.Release|Any CPU.Build.0 = Release|Any CPU
	EndGlobalSection
	GlobalSection(SolutionProperties) = preSolution
		HideSolutionNode = FALSE
	EndGlobalSection
	GlobalSection(ExtensibilityGlobals) = postSolution
		SolutionGuid = {6A38529E-942A-4B82-B48F-77E2BC01E91D}
	EndGlobalSection
EndGlobal
